
Microsoft Visual Studio Solution File, Format Version 12.00
# Visual Studio Version 17
VisualStudioVersion = 17.9.34723.18
MinimumVisualStudioVersion = 10.0.40219.1
Project("{8BC9CEB8-8B4A-11D0-8D11-00A0C91BC942}") = "FirstGUI", "FirstGUI\FirstGUI.vcxproj", "{AA55A3EE-EED5-4FE5-8C34-6F399DE701D3}"
EndProject
Global
	GlobalSection(SolutionConfigurationPlatforms) = preSolution
		Debug|x64 = Debug|x64
		Debug|x86 = Debug|x86
		Release|x64 = Release|x64
		Release|x86 = Release|x86
	EndGlobalSection
	GlobalSection(ProjectConfigurationPlatforms) = postSolution
		{AA55A3EE-EED5-4FE5-8C34-6F399DE701D3}.Debug|x64.ActiveCfg = Debug|x64
		{AA55A3EE-EED5-4FE5-8C34-6F399DE701D3}.Debug|x64.Build.0 = Debug|x64
		{AA55A3EE-EED5-4FE5-8C34-6F399DE701D3}.Debug|x86.ActiveCfg = Debug|Win32
		{AA55A3EE-EED5-4FE5-8C34-6F399DE701D3}.Debug|x86.Build.0 = Debug|Win32
		{AA55A3EE-EED5-4FE5-8C34-6F399DE701D3}.Release|x64.ActiveCfg = Release|x64
		{AA55A3EE-EED5-4FE5-8C34-6F399DE701D3}.Release|x64.Build.0 = Release|x64
		{AA55A3EE-EED5-4FE5-8C34-6F399DE701D3}.Release|x86.ActiveCfg = Release|Win32
		{AA55A3EE-EED5-4FE5-8C34-6F399DE701D3}.Release|x86.Build.0 = Release|Win32
	EndGlobalSection
	GlobalSection(SolutionProperties) = preSolution
		HideSolutionNode = FALSE
	EndGlobalSection
	GlobalSection(ExtensibilityGlobals) = postSolution
		SolutionGuid = {AB0604E0-8295-42B1-9700-8893E9EFFEEF}
	EndGlobalSection
EndGlobal
